
Microsoft Visual Studio Solution File, Format Version 12.00
# Visual Studio Version 17
VisualStudioVersion = 17.1.32414.318
MinimumVisualStudioVersion = 10.0.40219.1
Project("{FAE04EC0-301F-11D3-BF4B-00C04F79EFBC}") = "FFPRSaveEditorGUI", "FFPRSaveEditorGUI\FFPRSaveEditorGUI.csproj", "{426465E6-7C39-41A0-8D7D-9420CEB51B89}"
EndProject
Project("{9A19103F-16F7-4668-BE54-9A1E7A4F7556}") = "FFPRSaveEditor.Common", "..\FFPRSaveEditor\FFPRSaveEditor.Common\FFPRSaveEditor.Common.csproj", "{354F370D-6A9B-4EF9-BC21-57B4F2700915}"
EndProject
Global
	GlobalSection(SolutionConfigurationPlatforms) = preSolution
		Debug|Any CPU = Debug|Any CPU
		Release|Any CPU = Release|Any CPU
	EndGlobalSection
	GlobalSection(ProjectConfigurationPlatforms) = postSolution
		{426465E6-7C39-41A0-8D7D-9420CEB51B89}.Debug|Any CPU.ActiveCfg = Debug|Any CPU
		{426465E6-7C39-41A0-8D7D-9420CEB51B89}.Debug|Any CPU.Build.0 = Debug|Any CPU
		{426465E6-7C39-41A0-8D7D-9420CEB51B89}.Release|Any CPU.ActiveCfg = Release|Any CPU
		{426465E6-7C39-41A0-8D7D-9420CEB51B89}.Release|Any CPU.Build.0 = Release|Any CPU
		{354F370D-6A9B-4EF9-BC21-57B4F2700915}.Debug|Any CPU.ActiveCfg = Debug|Any CPU
		{354F370D-6A9B-4EF9-BC21-57B4F2700915}.Debug|Any CPU.Build.0 = Debug|Any CPU
		{354F370D-6A9B-4EF9-BC21-57B4F2700915}.Release|Any CPU.ActiveCfg = Release|Any CPU
		{354F370D-6A9B-4EF9-BC21-57B4F2700915}.Release|Any CPU.Build.0 = Release|Any CPU
	EndGlobalSection
	GlobalSection(SolutionProperties) = preSolution
		HideSolutionNode = FALSE
	EndGlobalSection
	GlobalSection(ExtensibilityGlobals) = postSolution
		SolutionGuid = {8CBEA5D0-41AA-422C-8AF4-9D51801DDFE3}
	EndGlobalSection
EndGlobal
